
Microsoft Visual Studio Solution File, Format Version 12.00
# Visual Studio 2012
Project("{FAE04EC0-301F-11D3-BF4B-00C04F79EFBC}") = "WindowsFormsApplication4", "WindowsFormsApplication4\WindowsFormsApplication4.csproj", "{EC372835-6739-4F04-BFB4-5EB8C713DFA0}"
EndProject
Global
	GlobalSection(SolutionConfigurationPlatforms) = preSolution
		Debug|Any CPU = Debug|Any CPU
		Release|Any CPU = Release|Any CPU
	EndGlobalSection
	GlobalSection(ProjectConfigurationPlatforms) = postSolution
		{EC372835-6739-4F04-BFB4-5EB8C713DFA0}.Debug|Any CPU.ActiveCfg = Debug|Any CPU
		{EC372835-6739-4F04-BFB4-5EB8C713DFA0}.Debug|Any CPU.Build.0 = Debug|Any CPU
		{EC372835-6739-4F04-BFB4-5EB8C713DFA0}.Release|Any CPU.ActiveCfg = Release|Any CPU
		{EC372835-6739-4F04-BFB4-5EB8C713DFA0}.Release|Any CPU.Build.0 = Release|Any CPU
	EndGlobalSection
	GlobalSection(SolutionProperties) = preSolution
		HideSolutionNode = FALSE
	EndGlobalSection
EndGlobal
